
Microsoft Visual Studio Solution File, Format Version 12.00
# Visual Studio 14
VisualStudioVersion = 14.0.25420.1
MinimumVisualStudioVersion = 10.0.40219.1
Project("{FAE04EC0-301F-11D3-BF4B-00C04F79EFBC}") = "MaggioreSenzaComparatori", "MaggioreSenzaComparatori\MaggioreSenzaComparatori.csproj", "{CFD1FD7A-2AC6-4D05-B6E8-554038A4F354}"
EndProject
Project("{FAE04EC0-301F-11D3-BF4B-00C04F79EFBC}") = "MaggioreSenzaComparatoriTest", "MaggioreSenzaComparatoriTest\MaggioreSenzaComparatoriTest.csproj", "{95D84036-3D58-4FC6-A2E9-66EABA6D7D79}"
EndProject
Global
	GlobalSection(SolutionConfigurationPlatforms) = preSolution
		Debug|Any CPU = Debug|Any CPU
		Release|Any CPU = Release|Any CPU
	EndGlobalSection
	GlobalSection(ProjectConfigurationPlatforms) = postSolution
		{CFD1FD7A-2AC6-4D05-B6E8-554038A4F354}.Debug|Any CPU.ActiveCfg = Debug|Any CPU
		{CFD1FD7A-2AC6-4D05-B6E8-554038A4F354}.Debug|Any CPU.Build.0 = Debug|Any CPU
		{CFD1FD7A-2AC6-4D05-B6E8-554038A4F354}.Release|Any CPU.ActiveCfg = Release|Any CPU
		{CFD1FD7A-2AC6-4D05-B6E8-554038A4F354}.Release|Any CPU.Build.0 = Release|Any CPU
		{95D84036-3D58-4FC6-A2E9-66EABA6D7D79}.Debug|Any CPU.ActiveCfg = Debug|Any CPU
		{95D84036-3D58-4FC6-A2E9-66EABA6D7D79}.Debug|Any CPU.Build.0 = Debug|Any CPU
		{95D84036-3D58-4FC6-A2E9-66EABA6D7D79}.Release|Any CPU.ActiveCfg = Release|Any CPU
		{95D84036-3D58-4FC6-A2E9-66EABA6D7D79}.Release|Any CPU.Build.0 = Release|Any CPU
	EndGlobalSection
	GlobalSection(SolutionProperties) = preSolution
		HideSolutionNode = FALSE
	EndGlobalSection
EndGlobal
